
Microsoft Visual Studio Solution File, Format Version 12.00
# Visual Studio 15
VisualStudioVersion = 15.0.28107.0
MinimumVisualStudioVersion = 10.0.40219.1
Project("{FAE04EC0-301F-11D3-BF4B-00C04F79EFBC}") = "CorelDRAW-WPF", "CorelDRAW-WPF\CorelDRAW-WPF.csproj", "{5F52E018-FF48-4725-9632-A989342A7A3C}"
EndProject
Global
	GlobalSection(SolutionConfigurationPlatforms) = preSolution
		Debug|Any CPU = Debug|Any CPU
		Release|Any CPU = Release|Any CPU
	EndGlobalSection
	GlobalSection(ProjectConfigurationPlatforms) = postSolution
		{5F52E018-FF48-4725-9632-A989342A7A3C}.Debug|Any CPU.ActiveCfg = Debug|Any CPU
		{5F52E018-FF48-4725-9632-A989342A7A3C}.Debug|Any CPU.Build.0 = Debug|Any CPU
		{5F52E018-FF48-4725-9632-A989342A7A3C}.Release|Any CPU.ActiveCfg = Release|Any CPU
		{5F52E018-FF48-4725-9632-A989342A7A3C}.Release|Any CPU.Build.0 = Release|Any CPU
	EndGlobalSection
	GlobalSection(SolutionProperties) = preSolution
		HideSolutionNode = FALSE
	EndGlobalSection
	GlobalSection(ExtensibilityGlobals) = postSolution
		SolutionGuid = {62E714CA-A10F-4F70-A5C3-454D087CC160}
	EndGlobalSection
EndGlobal
